
Microsoft Visual Studio Solution File, Format Version 12.00
# Visual Studio Version 16
VisualStudioVersion = 16.0.31129.286
MinimumVisualStudioVersion = 10.0.40219.1
Project("{F184B08F-C81C-45F6-A57F-5ABD9991F28F}") = "txt_replace", "txt_replace\txt_replace.vbproj", "{E33985CC-14F1-43B3-9EDD-EDB3884008EB}"
EndProject
Global
	GlobalSection(SolutionConfigurationPlatforms) = preSolution
		Debug|Any CPU = Debug|Any CPU
		Release|Any CPU = Release|Any CPU
	EndGlobalSection
	GlobalSection(ProjectConfigurationPlatforms) = postSolution
		{E33985CC-14F1-43B3-9EDD-EDB3884008EB}.Debug|Any CPU.ActiveCfg = Debug|Any CPU
		{E33985CC-14F1-43B3-9EDD-EDB3884008EB}.Debug|Any CPU.Build.0 = Debug|Any CPU
		{E33985CC-14F1-43B3-9EDD-EDB3884008EB}.Release|Any CPU.ActiveCfg = Release|Any CPU
		{E33985CC-14F1-43B3-9EDD-EDB3884008EB}.Release|Any CPU.Build.0 = Release|Any CPU
	EndGlobalSection
	GlobalSection(SolutionProperties) = preSolution
		HideSolutionNode = FALSE
	EndGlobalSection
	GlobalSection(ExtensibilityGlobals) = postSolution
		SolutionGuid = {157CC12E-8927-49BE-BAE4-D4ECD3838407}
	EndGlobalSection
EndGlobal
